
Microsoft Visual Studio Solution File, Format Version 12.00
# Visual Studio 14
VisualStudioVersion = 14.0.25420.1
MinimumVisualStudioVersion = 10.0.40219.1
Project("{FAE04EC0-301F-11D3-BF4B-00C04F79EFBC}") = "AdraFullTestFinal", "AdraFullTestFinal\AdraFullTestFinal.csproj", "{20310064-0664-487E-92AA-B25C66B81CAB}"
EndProject
Project("{FAE04EC0-301F-11D3-BF4B-00C04F79EFBC}") = "DataAccessLibrary", "DataAccessLibrary\DataAccessLibrary.csproj", "{2B53C48A-A77A-47D7-8752-03F8085B4463}"
EndProject
Project("{FAE04EC0-301F-11D3-BF4B-00C04F79EFBC}") = "BusinessLayer", "BusinessLayer\BusinessLayer.csproj", "{4A095D56-0764-4DB8-9D1F-178685C33AC0}"
EndProject
Project("{FAE04EC0-301F-11D3-BF4B-00C04F79EFBC}") = "EntityClasses", "EntityClasses\EntityClasses.csproj", "{72D2CF0B-A629-42E5-96B0-EE0C0632792B}"
EndProject
Global
	GlobalSection(SolutionConfigurationPlatforms) = preSolution
		Debug|Any CPU = Debug|Any CPU
		Release|Any CPU = Release|Any CPU
	EndGlobalSection
	GlobalSection(ProjectConfigurationPlatforms) = postSolution
		{20310064-0664-487E-92AA-B25C66B81CAB}.Debug|Any CPU.ActiveCfg = Debug|Any CPU
		{20310064-0664-487E-92AA-B25C66B81CAB}.Debug|Any CPU.Build.0 = Debug|Any CPU
		{20310064-0664-487E-92AA-B25C66B81CAB}.Release|Any CPU.ActiveCfg = Release|Any CPU
		{20310064-0664-487E-92AA-B25C66B81CAB}.Release|Any CPU.Build.0 = Release|Any CPU
		{2B53C48A-A77A-47D7-8752-03F8085B4463}.Debug|Any CPU.ActiveCfg = Debug|Any CPU
		{2B53C48A-A77A-47D7-8752-03F8085B4463}.Debug|Any CPU.Build.0 = Debug|Any CPU
		{2B53C48A-A77A-47D7-8752-03F8085B4463}.Release|Any CPU.ActiveCfg = Release|Any CPU
		{2B53C48A-A77A-47D7-8752-03F8085B4463}.Release|Any CPU.Build.0 = Release|Any CPU
		{4A095D56-0764-4DB8-9D1F-178685C33AC0}.Debug|Any CPU.ActiveCfg = Debug|Any CPU
		{4A095D56-0764-4DB8-9D1F-178685C33AC0}.Debug|Any CPU.Build.0 = Debug|Any CPU
		{4A095D56-0764-4DB8-9D1F-178685C33AC0}.Release|Any CPU.ActiveCfg = Release|Any CPU
		{4A095D56-0764-4DB8-9D1F-178685C33AC0}.Release|Any CPU.Build.0 = Release|Any CPU
		{72D2CF0B-A629-42E5-96B0-EE0C0632792B}.Debug|Any CPU.ActiveCfg = Debug|Any CPU
		{72D2CF0B-A629-42E5-96B0-EE0C0632792B}.Debug|Any CPU.Build.0 = Debug|Any CPU
		{72D2CF0B-A629-42E5-96B0-EE0C0632792B}.Release|Any CPU.ActiveCfg = Release|Any CPU
		{72D2CF0B-A629-42E5-96B0-EE0C0632792B}.Release|Any CPU.Build.0 = Release|Any CPU
	EndGlobalSection
	GlobalSection(SolutionProperties) = preSolution
		HideSolutionNode = FALSE
	EndGlobalSection
EndGlobal
